// !$*UTF8*$!
{
	archiveVersion = 1;
	classes = {
	};
	objectVersion = 46;
	objects = {

/* Begin PBXBuildFile section */
		CEA6C6F414FC617E00313C46 /* UIKit.framework in Frameworks */ = {isa = PBXBuildFile; fileRef = CEA6C6F314FC617E00313C46 /* UIKit.framework */; };
		CEA6C6F614FC617E00313C46 /* Foundation.framework in Frameworks */ = {isa = PBXBuildFile; fileRef = CEA6C6F514FC617E00313C46 /* Foundation.framework */; };
		CEA6C6F814FC617E00313C46 /* CoreGraphics.framework in Frameworks */ = {isa = PBXBuildFile; fileRef = CEA6C6F714FC617E00313C46 /* CoreGraphics.framework */; };
		CEA6C6FA14FC617E00313C46 /* CoreData.framework in Frameworks */ = {isa = PBXBuildFile; fileRef = CEA6C6F914FC617E00313C46 /* CoreData.framework */; };
		CEA6C70014FC617F00313C46 /* InfoPlist.strings in Resources */ = {isa = PBXBuildFile; fileRef = CEA6C6FE14FC617F00313C46 /* InfoPlist.strings */; };
		CEA6C70214FC617F00313C46 /* main.m in Sources */ = {isa = PBXBuildFile; fileRef = CEA6C70114FC617F00313C46 /* main.m */; };
		CEA6C70614FC617F00313C46 /* AppDelegate.m in Sources */ = {isa = PBXBuildFile; fileRef = CEA6C70514FC617F00313C46 /* AppDelegate.m */; };
		CEA6C70914FC617F00313C46 /* Reader.xcdatamodeld in Sources */ = {isa = PBXBuildFile; fileRef = CEA6C70714FC617F00313C46 /* Reader.xcdatamodeld */; };
		CEA6C71014FC621F00313C46 /* MainWindow.xib in Resources */ = {isa = PBXBuildFile; fileRef = CEA6C70F14FC621F00313C46 /* MainWindow.xib */; };
		CEA6C71714FC646800313C46 /* RootViewController.m in Sources */ = {isa = PBXBuildFile; fileRef = CEA6C71614FC646800313C46 /* RootViewController.m */; };
		CEA6C72014FC808B00313C46 /* shujia@2x.png in Resources */ = {isa = PBXBuildFile; fileRef = CEA6C71D14FC808B00313C46 /* shujia@2x.png */; };
		CEA6C72114FC808B00313C46 /* VisionButton.m in Sources */ = {isa = PBXBuildFile; fileRef = CEA6C71F14FC808B00313C46 /* VisionButton.m */; };
		CEA6C75614FC810100313C46 /* 2009169131400_2_Large.jpg in Resources */ = {isa = PBXBuildFile; fileRef = CEA6C72314FC810100313C46 /* 2009169131400_2_Large.jpg */; };
		CEA6C75714FC810100313C46 /* 2009169131400_2_Small.jpeg in Resources */ = {isa = PBXBuildFile; fileRef = CEA6C72414FC810100313C46 /* 2009169131400_2_Small.jpeg */; };
		CEA6C75814FC810100313C46 /* 201111231610235016.jpg in Resources */ = {isa = PBXBuildFile; fileRef = CEA6C72514FC810100313C46 /* 201111231610235016.jpg */; };
		CEA6C75914FC810100313C46 /* 201111241306458391.jpg in Resources */ = {isa = PBXBuildFile; fileRef = CEA6C72614FC810100313C46 /* 201111241306458391.jpg */; };
		CEA6C75A14FC810100313C46 /* 28.jpg in Resources */ = {isa = PBXBuildFile; fileRef = CEA6C72714FC810100313C46 /* 28.jpg */; };
		CEA6C75B14FC810100313C46 /* 29.jpg in Resources */ = {isa = PBXBuildFile; fileRef = CEA6C72814FC810100313C46 /* 29.jpg */; };
		CEA6C75C14FC810100313C46 /* 30.jpg in Resources */ = {isa = PBXBuildFile; fileRef = CEA6C72914FC810100313C46 /* 30.jpg */; };
		CEA6C75D14FC810100313C46 /* 31.jpg in Resources */ = {isa = PBXBuildFile; fileRef = CEA6C72A14FC810100313C46 /* 31.jpg */; };
		CEA6C75E14FC810100313C46 /* 32.jpg in Resources */ = {isa = PBXBuildFile; fileRef = CEA6C72B14FC810100313C46 /* 32.jpg */; };
		CEA6C75F14FC810100313C46 /* 33.jpg in Resources */ = {isa = PBXBuildFile; fileRef = CEA6C72C14FC810100313C46 /* 33.jpg */; };
		CEA6C76014FC810100313C46 /* 34.jpg in Resources */ = {isa = PBXBuildFile; fileRef = CEA6C72D14FC810100313C46 /* 34.jpg */; };
		CEA6C76114FC810100313C46 /* 35.jpg in Resources */ = {isa = PBXBuildFile; fileRef = CEA6C72E14FC810100313C46 /* 35.jpg */; };
		CEA6C76214FC810100313C46 /* 36.jpg in Resources */ = {isa = PBXBuildFile; fileRef = CEA6C72F14FC810100313C46 /* 36.jpg */; };
		CEA6C76314FC810100313C46 /* 37.jpg in Resources */ = {isa = PBXBuildFile; fileRef = CEA6C73014FC810100313C46 /* 37.jpg */; };
		CEA6C76414FC810100313C46 /* 38.jpg in Resources */ = {isa = PBXBuildFile; fileRef = CEA6C73114FC810100313C46 /* 38.jpg */; };
		CEA6C76514FC810100313C46 /* 39.jpg in Resources */ = {isa = PBXBuildFile; fileRef = CEA6C73214FC810100313C46 /* 39.jpg */; };
		CEA6C76614FC810100313C46 /* 4110.jpg in Resources */ = {isa = PBXBuildFile; fileRef = CEA6C73314FC810100313C46 /* 4110.jpg */; };
		CEA6C76714FC810100313C46 /* 4111.jpg in Resources */ = {isa = PBXBuildFile; fileRef = CEA6C73414FC810100313C46 /* 4111.jpg */; };
		CEA6C76814FC810100313C46 /* 41110.jpg in Resources */ = {isa = PBXBuildFile; fileRef = CEA6C73514FC810100313C46 /* 41110.jpg */; };
		CEA6C76914FC810100313C46 /* 4112.jpg in Resources */ = {isa = PBXBuildFile; fileRef = CEA6C73614FC810100313C46 /* 4112.jpg */; };
		CEA6C76A14FC810100313C46 /* 4113.jpg in Resources */ = {isa = PBXBuildFile; fileRef = CEA6C73714FC810100313C46 /* 4113.jpg */; };
		CEA6C76B14FC810100313C46 /* 4114.jpg in Resources */ = {isa = PBXBuildFile; fileRef = CEA6C73814FC810100313C46 /* 4114.jpg */; };
		CEA6C76C14FC810100313C46 /* 4115.jpg in Resources */ = {isa = PBXBuildFile; fileRef = CEA6C73914FC810100313C46 /* 4115.jpg */; };
		CEA6C76D14FC810100313C46 /* 4116.jpg in Resources */ = {isa = PBXBuildFile; fileRef = CEA6C73A14FC810100313C46 /* 4116.jpg */; };
		CEA6C76E14FC810100313C46 /* 4117.jpg in Resources */ = {isa = PBXBuildFile; fileRef = CEA6C73B14FC810100313C46 /* 4117.jpg */; };
		CEA6C76F14FC810100313C46 /* 4118.jpg in Resources */ = {isa = PBXBuildFile; fileRef = CEA6C73C14FC810100313C46 /* 4118.jpg */; };
		CEA6C77014FC810100313C46 /* 4119.jpg in Resources */ = {isa = PBXBuildFile; fileRef = CEA6C73D14FC810100313C46 /* 4119.jpg */; };
		CEA6C77114FC810100313C46 /* 4120.jpg in Resources */ = {isa = PBXBuildFile; fileRef = CEA6C73E14FC810100313C46 /* 4120.jpg */; };
		CEA6C77214FC810100313C46 /* 4121.jpg in Resources */ = {isa = PBXBuildFile; fileRef = CEA6C73F14FC810100313C46 /* 4121.jpg */; };
		CEA6C77314FC810100313C46 /* 4122.jpg in Resources */ = {isa = PBXBuildFile; fileRef = CEA6C74014FC810100313C46 /* 4122.jpg */; };
		CEA6C77414FC810100313C46 /* 4123.jpg in Resources */ = {isa = PBXBuildFile; fileRef = CEA6C74114FC810100313C46 /* 4123.jpg */; };
		CEA6C77514FC810100313C46 /* 4124.jpg in Resources */ = {isa = PBXBuildFile; fileRef = CEA6C74214FC810100313C46 /* 4124.jpg */; };
		CEA6C77614FC810100313C46 /* 4130.jpg in Resources */ = {isa = PBXBuildFile; fileRef = CEA6C74314FC810100313C46 /* 4130.jpg */; };
		CEA6C77714FC810100313C46 /* 4131.jpg in Resources */ = {isa = PBXBuildFile; fileRef = CEA6C74414FC810100313C46 /* 4131.jpg */; };
		CEA6C77814FC810100313C46 /* 41310.jpg in Resources */ = {isa = PBXBuildFile; fileRef = CEA6C74514FC810100313C46 /* 41310.jpg */; };
		CEA6C77914FC810100313C46 /* 41311.jpg in Resources */ = {isa = PBXBuildFile; fileRef = CEA6C74614FC810100313C46 /* 41311.jpg */; };
		CEA6C77A14FC810100313C46 /* 4132.jpg in Resources */ = {isa = PBXBuildFile; fileRef = CEA6C74714FC810100313C46 /* 4132.jpg */; };
		CEA6C77B14FC810100313C46 /* 4133.jpg in Resources */ = {isa = PBXBuildFile; fileRef = CEA6C74814FC810100313C46 /* 4133.jpg */; };
		CEA6C77C14FC810100313C46 /* 4134.jpg in Resources */ = {isa = PBXBuildFile; fileRef = CEA6C74914FC810100313C46 /* 4134.jpg */; };
		CEA6C77D14FC810100313C46 /* 4135.jpg in Resources */ = {isa = PBXBuildFile; fileRef = CEA6C74A14FC810100313C46 /* 4135.jpg */; };
		CEA6C77E14FC810100313C46 /* 4136.jpg in Resources */ = {isa = PBXBuildFile; fileRef = CEA6C74B14FC810100313C46 /* 4136.jpg */; };
		CEA6C77F14FC810100313C46 /* 4137.jpg in Resources */ = {isa = PBXBuildFile; fileRef = CEA6C74C14FC810100313C46 /* 4137.jpg */; };
		CEA6C78014FC810100313C46 /* 4138.jpg in Resources */ = {isa = PBXBuildFile; fileRef = CEA6C74D14FC810100313C46 /* 4138.jpg */; };
		CEA6C78114FC810100313C46 /* 4139.jpg in Resources */ = {isa = PBXBuildFile; fileRef = CEA6C74E14FC810100313C46 /* 4139.jpg */; };
		CEA6C78214FC810100313C46 /* _MG_3220_Large.jpg in Resources */ = {isa = PBXBuildFile; fileRef = CEA6C74F14FC810100313C46 /* _MG_3220_Large.jpg */; };
		CEA6C78314FC810100313C46 /* _MG_3220_Small.jpeg in Resources */ = {isa = PBXBuildFile; fileRef = CEA6C75014FC810100313C46 /* _MG_3220_Small.jpeg */; };
		CEA6C78414FC810100313C46 /* movie1_large.jpg in Resources */ = {isa = PBXBuildFile; fileRef = CEA6C75114FC810100313C46 /* movie1_large.jpg */; };
		CEA6C78514FC810100313C46 /* movie1_small.jpeg in Resources */ = {isa = PBXBuildFile; fileRef = CEA6C75214FC810100313C46 /* movie1_small.jpeg */; };
		CEA6C78614FC810100313C46 /* movie2_large.jpg in Resources */ = {isa = PBXBuildFile; fileRef = CEA6C75314FC810100313C46 /* movie2_large.jpg */; };
		CEA6C78714FC810100313C46 /* movie2_small.jpeg in Resources */ = {isa = PBXBuildFile; fileRef = CEA6C75414FC810100313C46 /* movie2_small.jpeg */; };
		CEA6C78814FC810100313C46 /* movie3_small.jpeg in Resources */ = {isa = PBXBuildFile; fileRef = CEA6C75514FC810100313C46 /* movie3_small.jpeg */; };
		CEA6C78A14FC847300313C46 /* mediatop@2x.png in Resources */ = {isa = PBXBuildFile; fileRef = CEA6C78914FC847300313C46 /* mediatop@2x.png */; };
/* End PBXBuildFile section */

/* Begin PBXFileReference section */
		CEA6C6EF14FC617E00313C46 /* Reader.app */ = {isa = PBXFileReference; explicitFileType = wrapper.application; includeInIndex = 0; path = Reader.app; sourceTree = BUILT_PRODUCTS_DIR; };
		CEA6C6F314FC617E00313C46 /* UIKit.framework */ = {isa = PBXFileReference; lastKnownFileType = wrapper.framework; name = UIKit.framework; path = System/Library/Frameworks/UIKit.framework; sourceTree = SDKROOT; };
		CEA6C6F514FC617E00313C46 /* Foundation.framework */ = {isa = PBXFileReference; lastKnownFileType = wrapper.framework; name = Foundation.framework; path = System/Library/Frameworks/Foundation.framework; sourceTree = SDKROOT; };
		CEA6C6F714FC617E00313C46 /* CoreGraphics.framework */ = {isa = PBXFileReference; lastKnownFileType = wrapper.framework; name = CoreGraphics.framework; path = System/Library/Frameworks/CoreGraphics.framework; sourceTree = SDKROOT; };
		CEA6C6F914FC617E00313C46 /* CoreData.framework */ = {isa = PBXFileReference; lastKnownFileType = wrapper.framework; name = CoreData.framework; path = System/Library/Frameworks/CoreData.framework; sourceTree = SDKROOT; };
		CEA6C6FD14FC617F00313C46 /* Reader-Info.plist */ = {isa = PBXFileReference; lastKnownFileType = text.plist.xml; path = "Reader-Info.plist"; sourceTree = "<group>"; };
		CEA6C6FF14FC617F00313C46 /* en */ = {isa = PBXFileReference; lastKnownFileType = text.plist.strings; name = en; path = en.lproj/InfoPlist.strings; sourceTree = "<group>"; };
		CEA6C70114FC617F00313C46 /* main.m */ = {isa = PBXFileReference; lastKnownFileType = sourcecode.c.objc; path = main.m; sourceTree = "<group>"; };
		CEA6C70314FC617F00313C46 /* Reader-Prefix.pch */ = {isa = PBXFileReference; lastKnownFileType = sourcecode.c.h; path = "Reader-Prefix.pch"; sourceTree = "<group>"; };
		CEA6C70414FC617F00313C46 /* AppDelegate.h */ = {isa = PBXFileReference; lastKnownFileType = sourcecode.c.h; path = AppDelegate.h; sourceTree = "<group>"; };
		CEA6C70514FC617F00313C46 /* AppDelegate.m */ = {isa = PBXFileReference; lastKnownFileType = sourcecode.c.objc; path = AppDelegate.m; sourceTree = "<group>"; };
		CEA6C70814FC617F00313C46 /* Reader.xcdatamodel */ = {isa = PBXFileReference; lastKnownFileType = wrapper.xcdatamodel; path = Reader.xcdatamodel; sourceTree = "<group>"; };
		CEA6C70F14FC621F00313C46 /* MainWindow.xib */ = {isa = PBXFileReference; fileEncoding = 4; lastKnownFileType = file.xib; path = MainWindow.xib; sourceTree = "<group>"; };
		CEA6C71514FC646700313C46 /* RootViewController.h */ = {isa = PBXFileReference; fileEncoding = 4; lastKnownFileType = sourcecode.c.h; path = RootViewController.h; sourceTree = "<group>"; };
		CEA6C71614FC646800313C46 /* RootViewController.m */ = {isa = PBXFileReference; fileEncoding = 4; lastKnownFileType = sourcecode.c.objc; path = RootViewController.m; sourceTree = "<group>"; };
		CEA6C71D14FC808B00313C46 /* shujia@2x.png */ = {isa = PBXFileReference; lastKnownFileType = image.png; path = "shujia@2x.png"; sourceTree = "<group>"; };
		CEA6C71E14FC808B00313C46 /* VisionButton.h */ = {isa = PBXFileReference; fileEncoding = 4; lastKnownFileType = sourcecode.c.h; path = VisionButton.h; sourceTree = "<group>"; };
		CEA6C71F14FC808B00313C46 /* VisionButton.m */ = {isa = PBXFileReference; fileEncoding = 4; lastKnownFileType = sourcecode.c.objc; path = VisionButton.m; sourceTree = "<group>"; };
		CEA6C72314FC810100313C46 /* 2009169131400_2_Large.jpg */ = {isa = PBXFileReference; lastKnownFileType = image.jpeg; path = 2009169131400_2_Large.jpg; sourceTree = "<group>"; };
		CEA6C72414FC810100313C46 /* 2009169131400_2_Small.jpeg */ = {isa = PBXFileReference; lastKnownFileType = image.jpeg; path = 2009169131400_2_Small.jpeg; sourceTree = "<group>"; };
		CEA6C72514FC810100313C46 /* 201111231610235016.jpg */ = {isa = PBXFileReference; lastKnownFileType = image.jpeg; path = 201111231610235016.jpg; sourceTree = "<group>"; };
		CEA6C72614FC810100313C46 /* 201111241306458391.jpg */ = {isa = PBXFileReference; lastKnownFileType = image.jpeg; path = 201111241306458391.jpg; sourceTree = "<group>"; };
		CEA6C72714FC810100313C46 /* 28.jpg */ = {isa = PBXFileReference; lastKnownFileType = image.jpeg; path = 28.jpg; sourceTree = "<group>"; };
		CEA6C72814FC810100313C46 /* 29.jpg */ = {isa = PBXFileReference; lastKnownFileType = image.jpeg; path = 29.jpg; sourceTree = "<group>"; };
		CEA6C72914FC810100313C46 /* 30.jpg */ = {isa = PBXFileReference; lastKnownFileType = image.jpeg; path = 30.jpg; sourceTree = "<group>"; };
		CEA6C72A14FC810100313C46 /* 31.jpg */ = {isa = PBXFileReference; lastKnownFileType = image.jpeg; path = 31.jpg; sourceTree = "<group>"; };
		CEA6C72B14FC810100313C46 /* 32.jpg */ = {isa = PBXFileReference; lastKnownFileType = image.jpeg; path = 32.jpg; sourceTree = "<group>"; };
		CEA6C72C14FC810100313C46 /* 33.jpg */ = {isa = PBXFileReference; lastKnownFileType = image.jpeg; path = 33.jpg; sourceTree = "<group>"; };
		CEA6C72D14FC810100313C46 /* 34.jpg */ = {isa = PBXFileReference; lastKnownFileType = image.jpeg; path = 34.jpg; sourceTree = "<group>"; };
		CEA6C72E14FC810100313C46 /* 35.jpg */ = {isa = PBXFileReference; lastKnownFileType = image.jpeg; path = 35.jpg; sourceTree = "<group>"; };
		CEA6C72F14FC810100313C46 /* 36.jpg */ = {isa = PBXFileReference; lastKnownFileType = image.jpeg; path = 36.jpg; sourceTree = "<group>"; };
		CEA6C73014FC810100313C46 /* 37.jpg */ = {isa = PBXFileReference; lastKnownFileType = image.jpeg; path = 37.jpg; sourceTree = "<group>"; };
		CEA6C73114FC810100313C46 /* 38.jpg */ = {isa = PBXFileReference; lastKnownFileType = image.jpeg; path = 38.jpg; sourceTree = "<group>"; };
		CEA6C73214FC810100313C46 /* 39.jpg */ = {isa = PBXFileReference; lastKnownFileType = image.jpeg; path = 39.jpg; sourceTree = "<group>"; };
		CEA6C73314FC810100313C46 /* 4110.jpg */ = {isa = PBXFileReference; lastKnownFileType = image.jpeg; path = 4110.jpg; sourceTree = "<group>"; };
		CEA6C73414FC810100313C46 /* 4111.jpg */ = {isa = PBXFileReference; lastKnownFileType = image.jpeg; path = 4111.jpg; sourceTree = "<group>"; };
		CEA6C73514FC810100313C46 /* 41110.jpg */ = {isa = PBXFileReference; lastKnownFileType = image.jpeg; path = 41110.jpg; sourceTree = "<group>"; };
		CEA6C73614FC810100313C46 /* 4112.jpg */ = {isa = PBXFileReference; lastKnownFileType = image.jpeg; path = 4112.jpg; sourceTree = "<group>"; };
		CEA6C73714FC810100313C46 /* 4113.jpg */ = {isa = PBXFileReference; lastKnownFileType = image.jpeg; path = 4113.jpg; sourceTree = "<group>"; };
		CEA6C73814FC810100313C46 /* 4114.jpg */ = {isa = PBXFileReference; lastKnownFileType = image.jpeg; path = 4114.jpg; sourceTree = "<group>"; };
		CEA6C73914FC810100313C46 /* 4115.jpg */ = {isa = PBXFileReference; lastKnownFileType = image.jpeg; path = 4115.jpg; sourceTree = "<group>"; };
		CEA6C73A14FC810100313C46 /* 4116.jpg */ = {isa = PBXFileReference; lastKnownFileType = image.jpeg; path = 4116.jpg; sourceTree = "<group>"; };
		CEA6C73B14FC810100313C46 /* 4117.jpg */ = {isa = PBXFileReference; lastKnownFileType = image.jpeg; path = 4117.jpg; sourceTree = "<group>"; };
		CEA6C73C14FC810100313C46 /* 4118.jpg */ = {isa = PBXFileReference; lastKnownFileType = image.jpeg; path = 4118.jpg; sourceTree = "<group>"; };
		CEA6C73D14FC810100313C46 /* 4119.jpg */ = {isa = PBXFileReference; lastKnownFileType = image.jpeg; path = 4119.jpg; sourceTree = "<group>"; };
		CEA6C73E14FC810100313C46 /* 4120.jpg */ = {isa = PBXFileReference; lastKnownFileType = image.jpeg; path = 4120.jpg; sourceTree = "<group>"; };
		CEA6C73F14FC810100313C46 /* 4121.jpg */ = {isa = PBXFileReference; lastKnownFileType = image.jpeg; path = 4121.jpg; sourceTree = "<group>"; };
		CEA6C74014FC810100313C46 /* 4122.jpg */ = {isa = PBXFileReference; lastKnownFileType = image.jpeg; path = 4122.jpg; sourceTree = "<group>"; };
		CEA6C74114FC810100313C46 /* 4123.jpg */ = {isa = PBXFileReference; lastKnownFileType = image.jpeg; path = 4123.jpg; sourceTree = "<group>"; };
		CEA6C74214FC810100313C46 /* 4124.jpg */ = {isa = PBXFileReference; lastKnownFileType = image.jpeg; path = 4124.jpg; sourceTree = "<group>"; };
		CEA6C74314FC810100313C46 /* 4130.jpg */ = {isa = PBXFileReference; lastKnownFileType = image.jpeg; path = 4130.jpg; sourceTree = "<group>"; };
		CEA6C74414FC810100313C46 /* 4131.jpg */ = {isa = PBXFileReference; lastKnownFileType = image.jpeg; path = 4131.jpg; sourceTree = "<group>"; };
		CEA6C74514FC810100313C46 /* 41310.jpg */ = {isa = PBXFileReference; lastKnownFileType = image.jpeg; path = 41310.jpg; sourceTree = "<group>"; };
		CEA6C74614FC810100313C46 /* 41311.jpg */ = {isa = PBXFileReference; lastKnownFileType = image.jpeg; path = 41311.jpg; sourceTree = "<group>"; };
		CEA6C74714FC810100313C46 /* 4132.jpg */ = {isa = PBXFileReference; lastKnownFileType = image.jpeg; path = 4132.jpg; sourceTree = "<group>"; };
		CEA6C74814FC810100313C46 /* 4133.jpg */ = {isa = PBXFileReference; lastKnownFileType = image.jpeg; path = 4133.jpg; sourceTree = "<group>"; };
		CEA6C74914FC810100313C46 /* 4134.jpg */ = {isa = PBXFileReference; lastKnownFileType = image.jpeg; path = 4134.jpg; sourceTree = "<group>"; };
		CEA6C74A14FC810100313C46 /* 4135.jpg */ = {isa = PBXFileReference; lastKnownFileType = image.jpeg; path = 4135.jpg; sourceTree = "<group>"; };
		CEA6C74B14FC810100313C46 /* 4136.jpg */ = {isa = PBXFileReference; lastKnownFileType = image.jpeg; path = 4136.jpg; sourceTree = "<group>"; };
		CEA6C74C14FC810100313C46 /* 4137.jpg */ = {isa = PBXFileReference; lastKnownFileType = image.jpeg; path = 4137.jpg; sourceTree = "<group>"; };
		CEA6C74D14FC810100313C46 /* 4138.jpg */ = {isa = PBXFileReference; lastKnownFileType = image.jpeg; path = 4138.jpg; sourceTree = "<group>"; };
		CEA6C74E14FC810100313C46 /* 4139.jpg */ = {isa = PBXFileReference; lastKnownFileType = image.jpeg; path = 4139.jpg; sourceTree = "<group>"; };
		CEA6C74F14FC810100313C46 /* _MG_3220_Large.jpg */ = {isa = PBXFileReference; lastKnownFileType = image.jpeg; path = _MG_3220_Large.jpg; sourceTree = "<group>"; };
		CEA6C75014FC810100313C46 /* _MG_3220_Small.jpeg */ = {isa = PBXFileReference; lastKnownFileType = image.jpeg; path = _MG_3220_Small.jpeg; sourceTree = "<group>"; };
		CEA6C75114FC810100313C46 /* movie1_large.jpg */ = {isa = PBXFileReference; lastKnownFileType = image.jpeg; path = movie1_large.jpg; sourceTree = "<group>"; };
		CEA6C75214FC810100313C46 /* movie1_small.jpeg */ = {isa = PBXFileReference; lastKnownFileType = image.jpeg; path = movie1_small.jpeg; sourceTree = "<group>"; };
		CEA6C75314FC810100313C46 /* movie2_large.jpg */ = {isa = PBXFileReference; lastKnownFileType = image.jpeg; path = movie2_large.jpg; sourceTree = "<group>"; };
		CEA6C75414FC810100313C46 /* movie2_small.jpeg */ = {isa = PBXFileReference; lastKnownFileType = image.jpeg; path = movie2_small.jpeg; sourceTree = "<group>"; };
		CEA6C75514FC810100313C46 /* movie3_small.jpeg */ = {isa = PBXFileReference; lastKnownFileType = image.jpeg; path = movie3_small.jpeg; sourceTree = "<group>"; };
		CEA6C78914FC847300313C46 /* mediatop@2x.png */ = {isa = PBXFileReference; lastKnownFileType = image.png; path = "mediatop@2x.png"; sourceTree = "<group>"; };
/* End PBXFileReference section */

/* Begin PBXFrameworksBuildPhase section */
		CEA6C6EC14FC617E00313C46 /* Frameworks */ = {
			isa = PBXFrameworksBuildPhase;
			buildActionMask = 2147483647;
			files = (
				CEA6C6F414FC617E00313C46 /* UIKit.framework in Frameworks */,
				CEA6C6F614FC617E00313C46 /* Foundation.framework in Frameworks */,
				CEA6C6F814FC617E00313C46 /* CoreGraphics.framework in Frameworks */,
				CEA6C6FA14FC617E00313C46 /* CoreData.framework in Frameworks */,
			);
			runOnlyForDeploymentPostprocessing = 0;
		};
/* End PBXFrameworksBuildPhase section */

/* Begin PBXGroup section */
		CEA6C6E414FC617E00313C46 = {
			isa = PBXGroup;
			children = (
				CEA6C6FB14FC617E00313C46 /* Reader */,
				CEA6C6F214FC617E00313C46 /* Frameworks */,
				CEA6C6F014FC617E00313C46 /* Products */,
			);
			sourceTree = "<group>";
		};
		CEA6C6F014FC617E00313C46 /* Products */ = {
			isa = PBXGroup;
			children = (
				CEA6C6EF14FC617E00313C46 /* Reader.app */,
			);
			name = Products;
			sourceTree = "<group>";
		};
		CEA6C6F214FC617E00313C46 /* Frameworks */ = {
			isa = PBXGroup;
			children = (
				CEA6C6F314FC617E00313C46 /* UIKit.framework */,
				CEA6C6F514FC617E00313C46 /* Foundation.framework */,
				CEA6C6F714FC617E00313C46 /* CoreGraphics.framework */,
				CEA6C6F914FC617E00313C46 /* CoreData.framework */,
			);
			name = Frameworks;
			sourceTree = "<group>";
		};
		CEA6C6FB14FC617E00313C46 /* Reader */ = {
			isa = PBXGroup;
			children = (
				CEA6C70414FC617F00313C46 /* AppDelegate.h */,
				CEA6C70514FC617F00313C46 /* AppDelegate.m */,
				CEA6C70F14FC621F00313C46 /* MainWindow.xib */,
				CEA6C71514FC646700313C46 /* RootViewController.h */,
				CEA6C71614FC646800313C46 /* RootViewController.m */,
				CEA6C71E14FC808B00313C46 /* VisionButton.h */,
				CEA6C71F14FC808B00313C46 /* VisionButton.m */,
				CEA6C70714FC617F00313C46 /* Reader.xcdatamodeld */,
				CEA6C71C14FC808B00313C46 /* images */,
				CEA6C6FC14FC617F00313C46 /* Supporting Files */,
			);
			path = Reader;
			sourceTree = "<group>";
		};
		CEA6C6FC14FC617F00313C46 /* Supporting Files */ = {
			isa = PBXGroup;
			children = (
				CEA6C6FD14FC617F00313C46 /* Reader-Info.plist */,
				CEA6C6FE14FC617F00313C46 /* InfoPlist.strings */,
				CEA6C70114FC617F00313C46 /* main.m */,
				CEA6C70314FC617F00313C46 /* Reader-Prefix.pch */,
			);
			name = "Supporting Files";
			sourceTree = "<group>";
		};
		CEA6C71C14FC808B00313C46 /* images */ = {
			isa = PBXGroup;
			children = (
				CEA6C72214FC810000313C46 /* MediaOfflineImage */,
				CEA6C78914FC847300313C46 /* mediatop@2x.png */,
				CEA6C71D14FC808B00313C46 /* shujia@2x.png */,
			);
			path = images;
			sourceTree = "<group>";
		};
		CEA6C72214FC810000313C46 /* MediaOfflineImage */ = {
			isa = PBXGroup;
			children = (
				CEA6C72314FC810100313C46 /* 2009169131400_2_Large.jpg */,
				CEA6C72414FC810100313C46 /* 2009169131400_2_Small.jpeg */,
				CEA6C72514FC810100313C46 /* 201111231610235016.jpg */,
				CEA6C72614FC810100313C46 /* 201111241306458391.jpg */,
				CEA6C72714FC810100313C46 /* 28.jpg */,
				CEA6C72814FC810100313C46 /* 29.jpg */,
				CEA6C72914FC810100313C46 /* 30.jpg */,
				CEA6C72A14FC810100313C46 /* 31.jpg */,
				CEA6C72B14FC810100313C46 /* 32.jpg */,
				CEA6C72C14FC810100313C46 /* 33.jpg */,
				CEA6C72D14FC810100313C46 /* 34.jpg */,
				CEA6C72E14FC810100313C46 /* 35.jpg */,
				CEA6C72F14FC810100313C46 /* 36.jpg */,
				CEA6C73014FC810100313C46 /* 37.jpg */,
				CEA6C73114FC810100313C46 /* 38.jpg */,
				CEA6C73214FC810100313C46 /* 39.jpg */,
				CEA6C73314FC810100313C46 /* 4110.jpg */,
				CEA6C73414FC810100313C46 /* 4111.jpg */,
				CEA6C73514FC810100313C46 /* 41110.jpg */,
				CEA6C73614FC810100313C46 /* 4112.jpg */,
				CEA6C73714FC810100313C46 /* 4113.jpg */,
				CEA6C73814FC810100313C46 /* 4114.jpg */,
				CEA6C73914FC810100313C46 /* 4115.jpg */,
				CEA6C73A14FC810100313C46 /* 4116.jpg */,
				CEA6C73B14FC810100313C46 /* 4117.jpg */,
				CEA6C73C14FC810100313C46 /* 4118.jpg */,
				CEA6C73D14FC810100313C46 /* 4119.jpg */,
				CEA6C73E14FC810100313C46 /* 4120.jpg */,
				CEA6C73F14FC810100313C46 /* 4121.jpg */,
				CEA6C74014FC810100313C46 /* 4122.jpg */,
				CEA6C74114FC810100313C46 /* 4123.jpg */,
				CEA6C74214FC810100313C46 /* 4124.jpg */,
				CEA6C74314FC810100313C46 /* 4130.jpg */,
				CEA6C74414FC810100313C46 /* 4131.jpg */,
				CEA6C74514FC810100313C46 /* 41310.jpg */,
				CEA6C74614FC810100313C46 /* 41311.jpg */,
				CEA6C74714FC810100313C46 /* 4132.jpg */,
				CEA6C74814FC810100313C46 /* 4133.jpg */,
				CEA6C74914FC810100313C46 /* 4134.jpg */,
				CEA6C74A14FC810100313C46 /* 4135.jpg */,
				CEA6C74B14FC810100313C46 /* 4136.jpg */,
				CEA6C74C14FC810100313C46 /* 4137.jpg */,
				CEA6C74D14FC810100313C46 /* 4138.jpg */,
				CEA6C74E14FC810100313C46 /* 4139.jpg */,
				CEA6C74F14FC810100313C46 /* _MG_3220_Large.jpg */,
				CEA6C75014FC810100313C46 /* _MG_3220_Small.jpeg */,
				CEA6C75114FC810100313C46 /* movie1_large.jpg */,
				CEA6C75214FC810100313C46 /* movie1_small.jpeg */,
				CEA6C75314FC810100313C46 /* movie2_large.jpg */,
				CEA6C75414FC810100313C46 /* movie2_small.jpeg */,
				CEA6C75514FC810100313C46 /* movie3_small.jpeg */,
			);
			path = MediaOfflineImage;
			sourceTree = "<group>";
		};
/* End PBXGroup section */

/* Begin PBXNativeTarget section */
		CEA6C6EE14FC617E00313C46 /* Reader */ = {
			isa = PBXNativeTarget;
			buildConfigurationList = CEA6C70C14FC617F00313C46 /* Build configuration list for PBXNativeTarget "Reader" */;
			buildPhases = (
				CEA6C6EB14FC617E00313C46 /* Sources */,
				CEA6C6EC14FC617E00313C46 /* Frameworks */,
				CEA6C6ED14FC617E00313C46 /* Resources */,
			);
			buildRules = (
			);
			dependencies = (
			);
			name = Reader;
			productName = Reader;
			productReference = CEA6C6EF14FC617E00313C46 /* Reader.app */;
			productType = "com.apple.product-type.application";
		};
/* End PBXNativeTarget section */

/* Begin PBXProject section */
		CEA6C6E614FC617E00313C46 /* Project object */ = {
			isa = PBXProject;
			attributes = {
				LastUpgradeCheck = 0420;
			};
			buildConfigurationList = CEA6C6E914FC617E00313C46 /* Build configuration list for PBXProject "Reader" */;
			compatibilityVersion = "Xcode 3.2";
			developmentRegion = English;
			hasScannedForEncodings = 0;
			knownRegions = (
				en,
			);
			mainGroup = CEA6C6E414FC617E00313C46;
			productRefGroup = CEA6C6F014FC617E00313C46 /* Products */;
			projectDirPath = "";
			projectRoot = "";
			targets = (
				CEA6C6EE14FC617E00313C46 /* Reader */,
			);
		};
/* End PBXProject section */

/* Begin PBXResourcesBuildPhase section */
		CEA6C6ED14FC617E00313C46 /* Resources */ = {
			isa = PBXResourcesBuildPhase;
			buildActionMask = 2147483647;
			files = (
				CEA6C70014FC617F00313C46 /* InfoPlist.strings in Resources */,
				CEA6C71014FC621F00313C46 /* MainWindow.xib in Resources */,
				CEA6C72014FC808B00313C46 /* shujia@2x.png in Resources */,
				CEA6C75614FC810100313C46 /* 2009169131400_2_Large.jpg in Resources */,
				CEA6C75714FC810100313C46 /* 2009169131400_2_Small.jpeg in Resources */,
				CEA6C75814FC810100313C46 /* 201111231610235016.jpg in Resources */,
				CEA6C75914FC810100313C46 /* 201111241306458391.jpg in Resources */,
				CEA6C75A14FC810100313C46 /* 28.jpg in Resources */,
				CEA6C75B14FC810100313C46 /* 29.jpg in Resources */,
				CEA6C75C14FC810100313C46 /* 30.jpg in Resources */,
				CEA6C75D14FC810100313C46 /* 31.jpg in Resources */,
				CEA6C75E14FC810100313C46 /* 32.jpg in Resources */,
				CEA6C75F14FC810100313C46 /* 33.jpg in Resources */,
				CEA6C76014FC810100313C46 /* 34.jpg in Resources */,
				CEA6C76114FC810100313C46 /* 35.jpg in Resources */,
				CEA6C76214FC810100313C46 /* 36.jpg in Resources */,
				CEA6C76314FC810100313C46 /* 37.jpg in Resources */,
				CEA6C76414FC810100313C46 /* 38.jpg in Resources */,
				CEA6C76514FC810100313C46 /* 39.jpg in Resources */,
				CEA6C76614FC810100313C46 /* 4110.jpg in Resources */,
				CEA6C76714FC810100313C46 /* 4111.jpg in Resources */,
				CEA6C76814FC810100313C46 /* 41110.jpg in Resources */,
				CEA6C76914FC810100313C46 /* 4112.jpg in Resources */,
				CEA6C76A14FC810100313C46 /* 4113.jpg in Resources */,
				CEA6C76B14FC810100313C46 /* 4114.jpg in Resources */,
				CEA6C76C14FC810100313C46 /* 4115.jpg in Resources */,
				CEA6C76D14FC810100313C46 /* 4116.jpg in Resources */,
				CEA6C76E14FC810100313C46 /* 4117.jpg in Resources */,
				CEA6C76F14FC810100313C46 /* 4118.jpg in Resources */,
				CEA6C77014FC810100313C46 /* 4119.jpg in Resources */,
				CEA6C77114FC810100313C46 /* 4120.jpg in Resources */,
				CEA6C77214FC810100313C46 /* 4121.jpg in Resources */,
				CEA6C77314FC810100313C46 /* 4122.jpg in Resources */,
				CEA6C77414FC810100313C46 /* 4123.jpg in Resources */,
				CEA6C77514FC810100313C46 /* 4124.jpg in Resources */,
				CEA6C77614FC810100313C46 /* 4130.jpg in Resources */,
				CEA6C77714FC810100313C46 /* 4131.jpg in Resources */,
				CEA6C77814FC810100313C46 /* 41310.jpg in Resources */,
				CEA6C77914FC810100313C46 /* 41311.jpg in Resources */,
				CEA6C77A14FC810100313C46 /* 4132.jpg in Resources */,
				CEA6C77B14FC810100313C46 /* 4133.jpg in Resources */,
				CEA6C77C14FC810100313C46 /* 4134.jpg in Resources */,
				CEA6C77D14FC810100313C46 /* 4135.jpg in Resources */,
				CEA6C77E14FC810100313C46 /* 4136.jpg in Resources */,
				CEA6C77F14FC810100313C46 /* 4137.jpg in Resources */,
				CEA6C78014FC810100313C46 /* 4138.jpg in Resources */,
				CEA6C78114FC810100313C46 /* 4139.jpg in Resources */,
				CEA6C78214FC810100313C46 /* _MG_3220_Large.jpg in Resources */,
				CEA6C78314FC810100313C46 /* _MG_3220_Small.jpeg in Resources */,
				CEA6C78414FC810100313C46 /* movie1_large.jpg in Resources */,
				CEA6C78514FC810100313C46 /* movie1_small.jpeg in Resources */,
				CEA6C78614FC810100313C46 /* movie2_large.jpg in Resources */,
				CEA6C78714FC810100313C46 /* movie2_small.jpeg in Resources */,
				CEA6C78814FC810100313C46 /* movie3_small.jpeg in Resources */,
				CEA6C78A14FC847300313C46 /* mediatop@2x.png in Resources */,
			);
			runOnlyForDeploymentPostprocessing = 0;
		};
/* End PBXResourcesBuildPhase section */

/* Begin PBXSourcesBuildPhase section */
		CEA6C6EB14FC617E00313C46 /* Sources */ = {
			isa = PBXSourcesBuildPhase;
			buildActionMask = 2147483647;
			files = (
				CEA6C70214FC617F00313C46 /* main.m in Sources */,
				CEA6C70614FC617F00313C46 /* AppDelegate.m in Sources */,
				CEA6C70914FC617F00313C46 /* Reader.xcdatamodeld in Sources */,
				CEA6C71714FC646800313C46 /* RootViewController.m in Sources */,
				CEA6C72114FC808B00313C46 /* VisionButton.m in Sources */,
			);
			runOnlyForDeploymentPostprocessing = 0;
		};
/* End PBXSourcesBuildPhase section */

/* Begin PBXVariantGroup section */
		CEA6C6FE14FC617F00313C46 /* InfoPlist.strings */ = {
			isa = PBXVariantGroup;
			children = (
				CEA6C6FF14FC617F00313C46 /* en */,
			);
			name = InfoPlist.strings;
			sourceTree = "<group>";
		};
/* End PBXVariantGroup section */

/* Begin XCBuildConfiguration section */
		CEA6C70A14FC617F00313C46 /* Debug */ = {
			isa = XCBuildConfiguration;
			buildSettings = {
				ALWAYS_SEARCH_USER_PATHS = NO;
				ARCHS = "$(ARCHS_STANDARD_32_BIT)";
				"CODE_SIGN_IDENTITY[sdk=iphoneos*]" = "iPhone Developer";
				COPY_PHASE_STRIP = NO;
				GCC_C_LANGUAGE_STANDARD = gnu99;
				GCC_DYNAMIC_NO_PIC = NO;
				GCC_OPTIMIZATION_LEVEL = 0;
				GCC_PREPROCESSOR_DEFINITIONS = (
					"DEBUG=1",
					"$(inherited)",
				);
				GCC_SYMBOLS_PRIVATE_EXTERN = NO;
				GCC_VERSION = com.apple.compilers.llvm.clang.1_0;
				GCC_WARN_ABOUT_MISSING_PROTOTYPES = YES;
				GCC_WARN_ABOUT_RETURN_TYPE = YES;
				GCC_WARN_UNUSED_VARIABLE = YES;
				IPHONEOS_DEPLOYMENT_TARGET = 5.0;
				SDKROOT = iphoneos;
			};
			name = Debug;
		};
		CEA6C70B14FC617F00313C46 /* Release */ = {
			isa = XCBuildConfiguration;
			buildSettings = {
				ALWAYS_SEARCH_USER_PATHS = NO;
				ARCHS = "$(ARCHS_STANDARD_32_BIT)";
				"CODE_SIGN_IDENTITY[sdk=iphoneos*]" = "iPhone Developer";
				COPY_PHASE_STRIP = YES;
				GCC_C_LANGUAGE_STANDARD = gnu99;
				GCC_VERSION = com.apple.compilers.llvm.clang.1_0;
				GCC_WARN_ABOUT_MISSING_PROTOTYPES = YES;
				GCC_WARN_ABOUT_RETURN_TYPE = YES;
				GCC_WARN_UNUSED_VARIABLE = YES;
				IPHONEOS_DEPLOYMENT_TARGET = 5.0;
				OTHER_CFLAGS = "-DNS_BLOCK_ASSERTIONS=1";
				SDKROOT = iphoneos;
				VALIDATE_PRODUCT = YES;
			};
			name = Release;
		};
		CEA6C70D14FC617F00313C46 /* Debug */ = {
			isa = XCBuildConfiguration;
			buildSettings = {
				GCC_PRECOMPILE_PREFIX_HEADER = YES;
				GCC_PREFIX_HEADER = "Reader/Reader-Prefix.pch";
				INFOPLIST_FILE = "Reader/Reader-Info.plist";
				PRODUCT_NAME = "$(TARGET_NAME)";
				WRAPPER_EXTENSION = app;
			};
			name = Debug;
		};
		CEA6C70E14FC617F00313C46 /* Release */ = {
			isa = XCBuildConfiguration;
			buildSettings = {
				GCC_PRECOMPILE_PREFIX_HEADER = YES;
				GCC_PREFIX_HEADER = "Reader/Reader-Prefix.pch";
				INFOPLIST_FILE = "Reader/Reader-Info.plist";
				PRODUCT_NAME = "$(TARGET_NAME)";
				WRAPPER_EXTENSION = app;
			};
			name = Release;
		};
/* End XCBuildConfiguration section */

/* Begin XCConfigurationList section */
		CEA6C6E914FC617E00313C46 /* Build configuration list for PBXProject "Reader" */ = {
			isa = XCConfigurationList;
			buildConfigurations = (
				CEA6C70A14FC617F00313C46 /* Debug */,
				CEA6C70B14FC617F00313C46 /* Release */,
			);
			defaultConfigurationIsVisible = 0;
			defaultConfigurationName = Release;
		};
		CEA6C70C14FC617F00313C46 /* Build configuration list for PBXNativeTarget "Reader" */ = {
			isa = XCConfigurationList;
			buildConfigurations = (
				CEA6C70D14FC617F00313C46 /* Debug */,
				CEA6C70E14FC617F00313C46 /* Release */,
			);
			defaultConfigurationIsVisible = 0;
		};
/* End XCConfigurationList section */

/* Begin XCVersionGroup section */
		CEA6C70714FC617F00313C46 /* Reader.xcdatamodeld */ = {
			isa = XCVersionGroup;
			children = (
				CEA6C70814FC617F00313C46 /* Reader.xcdatamodel */,
			);
			currentVersion = CEA6C70814FC617F00313C46 /* Reader.xcdatamodel */;
			path = Reader.xcdatamodeld;
			sourceTree = "<group>";
			versionGroupType = wrapper.xcdatamodel;
		};
/* End XCVersionGroup section */
	};
	rootObject = CEA6C6E614FC617E00313C46 /* Project object */;
}
